// !$*UTF8*$!
{
	archiveVersion = 1;
	classes = {
	};
	objectVersion = 46;
	objects = {

/* Begin PBXBuildFile section */
		B581ABEB1A76EAE50017864C /* main.cpp in Sources */ = {isa = PBXBuildFile; fileRef = B581ABEA1A76EAE50017864C /* main.cpp */; };
		B581ABF21A76F9EF0017864C /* template_functions.cpp in Sources */ = {isa = PBXBuildFile; fileRef = B581ABF11A76F9EF0017864C /* template_functions.cpp */; };
/* End PBXBuildFile section */

/* Begin PBXCopyFilesBuildPhase section */
		B581ABE51A76EAE50017864C /* CopyFiles */ = {
			isa = PBXCopyFilesBuildPhase;
			buildActionMask = 2147483647;
			dstPath = /usr/share/man/man1/;
			dstSubfolderSpec = 0;
			files = (
			);
			runOnlyForDeploymentPostprocessing = 1;
		};
/* End PBXCopyFilesBuildPhase section */

/* Begin PBXFileReference section */
		B581ABE71A76EAE50017864C /* 03_Types */ = {isa = PBXFileReference; explicitFileType = "compiled.mach-o.executable"; includeInIndex = 0; path = 03_Types; sourceTree = BUILT_PRODUCTS_DIR; };
		B581ABEA1A76EAE50017864C /* main.cpp */ = {isa = PBXFileReference; lastKnownFileType = sourcecode.cpp.cpp; path = main.cpp; sourceTree = "<group>"; };
		B581ABF11A76F9EF0017864C /* template_functions.cpp */ = {isa = PBXFileReference; fileEncoding = 4; lastKnownFileType = sourcecode.cpp.cpp; path = template_functions.cpp; sourceTree = "<group>"; };
/* End PBXFileReference section */

/* Begin PBXFrameworksBuildPhase section */
		B581ABE41A76EAE50017864C /* Frameworks */ = {
			isa = PBXFrameworksBuildPhase;
			buildActionMask = 2147483647;
			files = (
			);
			runOnlyForDeploymentPostprocessing = 0;
		};
/* End PBXFrameworksBuildPhase section */

/* Begin PBXGroup section */
		B581ABDE1A76EAE50017864C = {
			isa = PBXGroup;
			children = (
				B581ABE91A76EAE50017864C /* 03_Types */,
				B581ABE81A76EAE50017864C /* Products */,
			);
			sourceTree = "<group>";
		};
		B581ABE81A76EAE50017864C /* Products */ = {
			isa = PBXGroup;
			children = (
				B581ABE71A76EAE50017864C /* 03_Types */,
			);
			name = Products;
			sourceTree = "<group>";
		};
		B581ABE91A76EAE50017864C /* 03_Types */ = {
			isa = PBXGroup;
			children = (
				B581ABEA1A76EAE50017864C /* main.cpp */,
				B581ABF11A76F9EF0017864C /* template_functions.cpp */,
			);
			path = 03_Types;
			sourceTree = "<group>";
		};
/* End PBXGroup section */

/* Begin PBXNativeTarget section */
		B581ABE61A76EAE50017864C /* 03_Types */ = {
			isa = PBXNativeTarget;
			buildConfigurationList = B581ABEE1A76EAE50017864C /* Build configuration list for PBXNativeTarget "03_Types" */;
			buildPhases = (
				B581ABE31A76EAE50017864C /* Sources */,
				B581ABE41A76EAE50017864C /* Frameworks */,
				B581ABE51A76EAE50017864C /* CopyFiles */,
			);
			buildRules = (
			);
			dependencies = (
			);
			name = 03_Types;
			productName = 03_Types;
			productReference = B581ABE71A76EAE50017864C /* 03_Types */;
			productType = "com.apple.product-type.tool";
		};
/* End PBXNativeTarget section */

/* Begin PBXProject section */
		B581ABDF1A76EAE50017864C /* Project object */ = {
			isa = PBXProject;
			attributes = {
				LastUpgradeCheck = 0610;
				ORGANIZATIONNAME = "Bradley Needham";
				TargetAttributes = {
					B581ABE61A76EAE50017864C = {
						CreatedOnToolsVersion = 6.1.1;
					};
				};
			};
			buildConfigurationList = B581ABE21A76EAE50017864C /* Build configuration list for PBXProject "03_Types" */;
			compatibilityVersion = "Xcode 3.2";
			developmentRegion = English;
			hasScannedForEncodings = 0;
			knownRegions = (
				en,
			);
			mainGroup = B581ABDE1A76EAE50017864C;
			productRefGroup = B581ABE81A76EAE50017864C /* Products */;
			projectDirPath = "";
			projectRoot = "";
			targets = (
				B581ABE61A76EAE50017864C /* 03_Types */,
			);
		};
/* End PBXProject section */

/* Begin PBXSourcesBuildPhase section */
		B581ABE31A76EAE50017864C /* Sources */ = {
			isa = PBXSourcesBuildPhase;
			buildActionMask = 2147483647;
			files = (
				B581ABEB1A76EAE50017864C /* main.cpp in Sources */,
				B581ABF21A76F9EF0017864C /* template_functions.cpp in Sources */,
			);
			runOnlyForDeploymentPostprocessing = 0;
		};
/* End PBXSourcesBuildPhase section */

/* Begin XCBuildConfiguration section */
		B581ABEC1A76EAE50017864C /* Debug */ = {
			isa = XCBuildConfiguration;
			buildSettings = {
				ALWAYS_SEARCH_USER_PATHS = NO;
				CLANG_CXX_LANGUAGE_STANDARD = "c++14";
				CLANG_CXX_LIBRARY = "libc++";
				CLANG_ENABLE_MODULES = YES;
				CLANG_ENABLE_OBJC_ARC = YES;
				CLANG_WARN_BOOL_CONVERSION = YES;
				CLANG_WARN_CONSTANT_CONVERSION = YES;
				CLANG_WARN_DIRECT_OBJC_ISA_USAGE = YES_ERROR;
				CLANG_WARN_EMPTY_BODY = YES;
				CLANG_WARN_ENUM_CONVERSION = YES;
				CLANG_WARN_INT_CONVERSION = YES;
				CLANG_WARN_OBJC_ROOT_CLASS = YES_ERROR;
				CLANG_WARN_UNREACHABLE_CODE = YES;
				CLANG_WARN__DUPLICATE_METHOD_MATCH = YES;
				COPY_PHASE_STRIP = NO;
				ENABLE_STRICT_OBJC_MSGSEND = YES;
				GCC_C_LANGUAGE_STANDARD = gnu99;
				GCC_DYNAMIC_NO_PIC = NO;
				GCC_OPTIMIZATION_LEVEL = 0;
				GCC_PREPROCESSOR_DEFINITIONS = (
					"DEBUG=1",
					"$(inherited)",
				);
				GCC_SYMBOLS_PRIVATE_EXTERN = NO;
				GCC_WARN_64_TO_32_BIT_CONVERSION = YES;
				GCC_WARN_ABOUT_RETURN_TYPE = YES_ERROR;
				GCC_WARN_UNDECLARED_SELECTOR = YES;
				GCC_WARN_UNINITIALIZED_AUTOS = YES_AGGRESSIVE;
				GCC_WARN_UNUSED_FUNCTION = YES;
				GCC_WARN_UNUSED_VARIABLE = YES;
				MACOSX_DEPLOYMENT_TARGET = 10.10;
				MTL_ENABLE_DEBUG_INFO = YES;
				ONLY_ACTIVE_ARCH = YES;
				SDKROOT = macosx;
			};
			name = Debug;
		};
		B581ABED1A76EAE50017864C /* Release */ = {
			isa = XCBuildConfiguration;
			buildSettings = {
				ALWAYS_SEARCH_USER_PATHS = NO;
				CLANG_CXX_LANGUAGE_STANDARD = "c++14";
				CLANG_CXX_LIBRARY = "libc++";
				CLANG_ENABLE_MODULES = YES;
				CLANG_ENABLE_OBJC_ARC = YES;
				CLANG_WARN_BOOL_CONVERSION = YES;
				CLANG_WARN_CONSTANT_CONVERSION = YES;
				CLANG_WARN_DIRECT_OBJC_ISA_USAGE = YES_ERROR;
				CLANG_WARN_EMPTY_BODY = YES;
				CLANG_WARN_ENUM_CONVERSION = YES;
				CLANG_WARN_INT_CONVERSION = YES;
				CLANG_WARN_OBJC_ROOT_CLASS = YES_ERROR;
				CLANG_WARN_UNREACHABLE_CODE = YES;
				CLANG_WARN__DUPLICATE_METHOD_MATCH = YES;
				COPY_PHASE_STRIP = YES;
				DEBUG_INFORMATION_FORMAT = "dwarf-with-dsym";
				ENABLE_NS_ASSERTIONS = NO;
				ENABLE_STRICT_OBJC_MSGSEND = YES;
				GCC_C_LANGUAGE_STANDARD = gnu99;
				GCC_WARN_64_TO_32_BIT_CONVERSION = YES;
				GCC_WARN_ABOUT_RETURN_TYPE = YES_ERROR;
				GCC_WARN_UNDECLARED_SELECTOR = YES;
				GCC_WARN_UNINITIALIZED_AUTOS = YES_AGGRESSIVE;
				GCC_WARN_UNUSED_FUNCTION = YES;
				GCC_WARN_UNUSED_VARIABLE = YES;
				MACOSX_DEPLOYMENT_TARGET = 10.10;
				MTL_ENABLE_DEBUG_INFO = NO;
				SDKROOT = macosx;
			};
			name = Release;
		};
		B581ABEF1A76EAE50017864C /* Debug */ = {
			isa = XCBuildConfiguration;
			buildSettings = {
				PRODUCT_NAME = "$(TARGET_NAME)";
			};
			name = Debug;
		};
		B581ABF01A76EAE50017864C /* Release */ = {
			isa = XCBuildConfiguration;
			buildSettings = {
				PRODUCT_NAME = "$(TARGET_NAME)";
			};
			name = Release;
		};
/* End XCBuildConfiguration section */

/* Begin XCConfigurationList section */
		B581ABE21A76EAE50017864C /* Build configuration list for PBXProject "03_Types" */ = {
			isa = XCConfigurationList;
			buildConfigurations = (
				B581ABEC1A76EAE50017864C /* Debug */,
				B581ABED1A76EAE50017864C /* Release */,
			);
			defaultConfigurationIsVisible = 0;
			defaultConfigurationName = Release;
		};
		B581ABEE1A76EAE50017864C /* Build configuration list for PBXNativeTarget "03_Types" */ = {
			isa = XCConfigurationList;
			buildConfigurations = (
				B581ABEF1A76EAE50017864C /* Debug */,
				B581ABF01A76EAE50017864C /* Release */,
			);
			defaultConfigurationIsVisible = 0;
		};
/* End XCConfigurationList section */
	};
	rootObject = B581ABDF1A76EAE50017864C /* Project object */;
}
